// !$*UTF8*$!
{
	archiveVersion = 1;
	classes = {
	};
	objectVersion = 56;
	objects = {

/* Begin PBXBuildFile section */
		/* App Files */
		APP001 /* PostWomanApp.swift in Sources */ = {isa = PBXBuildFile; fileRef = SRC001; };
		APP002 /* ContentView.swift in Sources */ = {isa = PBXBuildFile; fileRef = SRC002; };
		APP003 /* AppCommands.swift in Sources */ = {isa = PBXBuildFile; fileRef = SRC003; };

		/* Models */
		MDL001 /* Folder.swift in Sources */ = {isa = PBXBuildFile; fileRef = SRC010; };
		MDL002 /* APIRequest.swift in Sources */ = {isa = PBXBuildFile; fileRef = SRC011; };
		MDL005 /* RequestHistory.swift in Sources */ = {isa = PBXBuildFile; fileRef = SRC014; };
		MDL006 /* HTTPMethod.swift in Sources */ = {isa = PBXBuildFile; fileRef = SRC015; };
		MDL007 /* AuthenticationType.swift in Sources */ = {isa = PBXBuildFile; fileRef = SRC016; };
		MDL008 /* ContentType.swift in Sources */ = {isa = PBXBuildFile; fileRef = SRC017; };
		MDL009 /* KeyValuePair.swift in Sources */ = {isa = PBXBuildFile; fileRef = SRC018; };

		/* Views - Sidebar */
		VW001 /* FolderRequestsListView.swift in Sources */ = {isa = PBXBuildFile; fileRef = SRC020; };
		VW002 /* FolderRowView.swift in Sources */ = {isa = PBXBuildFile; fileRef = SRC021; };
		VW003 /* RequestRowView.swift in Sources */ = {isa = PBXBuildFile; fileRef = SRC022; };
		VW004 /* HistoryListView.swift in Sources */ = {isa = PBXBuildFile; fileRef = SRC023; };

		/* Views - Request Editor */
		VW010 /* RequestEditorView.swift in Sources */ = {isa = PBXBuildFile; fileRef = SRC030; };
		VW011 /* URLBarView.swift in Sources */ = {isa = PBXBuildFile; fileRef = SRC031; };
		VW012 /* RequestTabView.swift in Sources */ = {isa = PBXBuildFile; fileRef = SRC032; };
		VW013 /* ParamsTabView.swift in Sources */ = {isa = PBXBuildFile; fileRef = SRC033; };
		VW014 /* HeadersTabView.swift in Sources */ = {isa = PBXBuildFile; fileRef = SRC034; };
		VW015 /* BodyTabView.swift in Sources */ = {isa = PBXBuildFile; fileRef = SRC035; };
		VW016 /* AuthTabView.swift in Sources */ = {isa = PBXBuildFile; fileRef = SRC036; };

		/* Views - Response Viewer */
		VW020 /* ResponseViewerView.swift in Sources */ = {isa = PBXBuildFile; fileRef = SRC040; };
		VW021 /* ResponseStatusView.swift in Sources */ = {isa = PBXBuildFile; fileRef = SRC041; };
		VW022 /* ResponseBodyView.swift in Sources */ = {isa = PBXBuildFile; fileRef = SRC042; };
		VW023 /* ResponseHeadersView.swift in Sources */ = {isa = PBXBuildFile; fileRef = SRC043; };

		/* Views - Environment */

		/* Views - Code Generation */
		VW040 /* CodeGeneratorView.swift in Sources */ = {isa = PBXBuildFile; fileRef = SRC060; };

		/* Views - Shared */
		VW050 /* KeyValueRowView.swift in Sources */ = {isa = PBXBuildFile; fileRef = SRC070; };
		VW051 /* EmptyStateView.swift in Sources */ = {isa = PBXBuildFile; fileRef = SRC071; };

		/* Services */
		SVC001 /* HTTPClient.swift in Sources */ = {isa = PBXBuildFile; fileRef = SRC080; };
		SVC003 /* AuthenticationHandler.swift in Sources */ = {isa = PBXBuildFile; fileRef = SRC082; };
		SVC004 /* CURLGenerator.swift in Sources */ = {isa = PBXBuildFile; fileRef = SRC083; };
		SVC005 /* SwiftGenerator.swift in Sources */ = {isa = PBXBuildFile; fileRef = SRC084; };
		SVC006 /* PythonGenerator.swift in Sources */ = {isa = PBXBuildFile; fileRef = SRC085; };
		SVC007 /* ExportImportService.swift in Sources */ = {isa = PBXBuildFile; fileRef = SRC086; };

		/* Utilities */
		UTL001 /* JSONFormatter.swift in Sources */ = {isa = PBXBuildFile; fileRef = SRC090; };

		/* Resources */
		RES001 /* Assets.xcassets in Resources */ = {isa = PBXBuildFile; fileRef = RSC001; };
/* End PBXBuildFile section */

/* Begin PBXFileReference section */
		/* Product */
		PRD001 /* PostWoman.app */ = {isa = PBXFileReference; explicitFileType = wrapper.application; includeInIndex = 0; path = PostWoman.app; sourceTree = BUILT_PRODUCTS_DIR; };

		/* App Files */
		SRC001 /* PostWomanApp.swift */ = {isa = PBXFileReference; lastKnownFileType = sourcecode.swift; path = PostWomanApp.swift; sourceTree = "<group>"; };
		SRC002 /* ContentView.swift */ = {isa = PBXFileReference; lastKnownFileType = sourcecode.swift; path = ContentView.swift; sourceTree = "<group>"; };
		SRC003 /* AppCommands.swift */ = {isa = PBXFileReference; lastKnownFileType = sourcecode.swift; path = AppCommands.swift; sourceTree = "<group>"; };

		/* Models */
		SRC010 /* Folder.swift */ = {isa = PBXFileReference; lastKnownFileType = sourcecode.swift; path = Folder.swift; sourceTree = "<group>"; };
		SRC011 /* APIRequest.swift */ = {isa = PBXFileReference; lastKnownFileType = sourcecode.swift; path = APIRequest.swift; sourceTree = "<group>"; };
		SRC014 /* RequestHistory.swift */ = {isa = PBXFileReference; lastKnownFileType = sourcecode.swift; path = RequestHistory.swift; sourceTree = "<group>"; };
		SRC015 /* HTTPMethod.swift */ = {isa = PBXFileReference; lastKnownFileType = sourcecode.swift; path = HTTPMethod.swift; sourceTree = "<group>"; };
		SRC016 /* AuthenticationType.swift */ = {isa = PBXFileReference; lastKnownFileType = sourcecode.swift; path = AuthenticationType.swift; sourceTree = "<group>"; };
		SRC017 /* ContentType.swift */ = {isa = PBXFileReference; lastKnownFileType = sourcecode.swift; path = ContentType.swift; sourceTree = "<group>"; };
		SRC018 /* KeyValuePair.swift */ = {isa = PBXFileReference; lastKnownFileType = sourcecode.swift; path = KeyValuePair.swift; sourceTree = "<group>"; };

		/* Views - Sidebar */
		SRC020 /* FolderRequestsListView.swift */ = {isa = PBXFileReference; lastKnownFileType = sourcecode.swift; path = FolderRequestsListView.swift; sourceTree = "<group>"; };
		SRC021 /* FolderRowView.swift */ = {isa = PBXFileReference; lastKnownFileType = sourcecode.swift; path = FolderRowView.swift; sourceTree = "<group>"; };
		SRC022 /* RequestRowView.swift */ = {isa = PBXFileReference; lastKnownFileType = sourcecode.swift; path = RequestRowView.swift; sourceTree = "<group>"; };
		SRC023 /* HistoryListView.swift */ = {isa = PBXFileReference; lastKnownFileType = sourcecode.swift; path = HistoryListView.swift; sourceTree = "<group>"; };

		/* Views - Request Editor */
		SRC030 /* RequestEditorView.swift */ = {isa = PBXFileReference; lastKnownFileType = sourcecode.swift; path = RequestEditorView.swift; sourceTree = "<group>"; };
		SRC031 /* URLBarView.swift */ = {isa = PBXFileReference; lastKnownFileType = sourcecode.swift; path = URLBarView.swift; sourceTree = "<group>"; };
		SRC032 /* RequestTabView.swift */ = {isa = PBXFileReference; lastKnownFileType = sourcecode.swift; path = RequestTabView.swift; sourceTree = "<group>"; };
		SRC033 /* ParamsTabView.swift */ = {isa = PBXFileReference; lastKnownFileType = sourcecode.swift; path = ParamsTabView.swift; sourceTree = "<group>"; };
		SRC034 /* HeadersTabView.swift */ = {isa = PBXFileReference; lastKnownFileType = sourcecode.swift; path = HeadersTabView.swift; sourceTree = "<group>"; };
		SRC035 /* BodyTabView.swift */ = {isa = PBXFileReference; lastKnownFileType = sourcecode.swift; path = BodyTabView.swift; sourceTree = "<group>"; };
		SRC036 /* AuthTabView.swift */ = {isa = PBXFileReference; lastKnownFileType = sourcecode.swift; path = AuthTabView.swift; sourceTree = "<group>"; };

		/* Views - Response Viewer */
		SRC040 /* ResponseViewerView.swift */ = {isa = PBXFileReference; lastKnownFileType = sourcecode.swift; path = ResponseViewerView.swift; sourceTree = "<group>"; };
		SRC041 /* ResponseStatusView.swift */ = {isa = PBXFileReference; lastKnownFileType = sourcecode.swift; path = ResponseStatusView.swift; sourceTree = "<group>"; };
		SRC042 /* ResponseBodyView.swift */ = {isa = PBXFileReference; lastKnownFileType = sourcecode.swift; path = ResponseBodyView.swift; sourceTree = "<group>"; };
		SRC043 /* ResponseHeadersView.swift */ = {isa = PBXFileReference; lastKnownFileType = sourcecode.swift; path = ResponseHeadersView.swift; sourceTree = "<group>"; };

		/* Views - Environment */

		/* Views - Code Generation */
		SRC060 /* CodeGeneratorView.swift */ = {isa = PBXFileReference; lastKnownFileType = sourcecode.swift; path = CodeGeneratorView.swift; sourceTree = "<group>"; };

		/* Views - Shared */
		SRC070 /* KeyValueRowView.swift */ = {isa = PBXFileReference; lastKnownFileType = sourcecode.swift; path = KeyValueRowView.swift; sourceTree = "<group>"; };
		SRC071 /* EmptyStateView.swift */ = {isa = PBXFileReference; lastKnownFileType = sourcecode.swift; path = EmptyStateView.swift; sourceTree = "<group>"; };

		/* Services */
		SRC080 /* HTTPClient.swift */ = {isa = PBXFileReference; lastKnownFileType = sourcecode.swift; path = HTTPClient.swift; sourceTree = "<group>"; };
		SRC082 /* AuthenticationHandler.swift */ = {isa = PBXFileReference; lastKnownFileType = sourcecode.swift; path = AuthenticationHandler.swift; sourceTree = "<group>"; };
		SRC083 /* CURLGenerator.swift */ = {isa = PBXFileReference; lastKnownFileType = sourcecode.swift; path = CURLGenerator.swift; sourceTree = "<group>"; };
		SRC084 /* SwiftGenerator.swift */ = {isa = PBXFileReference; lastKnownFileType = sourcecode.swift; path = SwiftGenerator.swift; sourceTree = "<group>"; };
		SRC085 /* PythonGenerator.swift */ = {isa = PBXFileReference; lastKnownFileType = sourcecode.swift; path = PythonGenerator.swift; sourceTree = "<group>"; };
		SRC086 /* ExportImportService.swift */ = {isa = PBXFileReference; lastKnownFileType = sourcecode.swift; path = ExportImportService.swift; sourceTree = "<group>"; };

		/* Utilities */
		SRC090 /* JSONFormatter.swift */ = {isa = PBXFileReference; lastKnownFileType = sourcecode.swift; path = JSONFormatter.swift; sourceTree = "<group>"; };

		/* Resources */
		RSC001 /* Assets.xcassets */ = {isa = PBXFileReference; lastKnownFileType = folder.assetcatalog; path = Assets.xcassets; sourceTree = "<group>"; };
		ENT001 /* PostWoman.entitlements */ = {isa = PBXFileReference; lastKnownFileType = text.plist.entitlements; path = PostWoman.entitlements; sourceTree = "<group>"; };
/* End PBXFileReference section */

/* Begin PBXFrameworksBuildPhase section */
		FRM001 /* Frameworks */ = {
			isa = PBXFrameworksBuildPhase;
			buildActionMask = 2147483647;
			files = (
			);
			runOnlyForDeploymentPostprocessing = 0;
		};
/* End PBXFrameworksBuildPhase section */

/* Begin PBXGroup section */
		GRP000 = {
			isa = PBXGroup;
			children = (
				GRP001 /* PostWoman */,
				GRP100 /* Products */,
			);
			sourceTree = "<group>";
		};
		GRP001 /* PostWoman */ = {
			isa = PBXGroup;
			children = (
				GRP002 /* App */,
				GRP003 /* Models */,
				GRP004 /* Views */,
				GRP010 /* Services */,
				GRP011 /* Utilities */,
				GRP012 /* Resources */,
			);
			path = PostWoman;
			sourceTree = "<group>";
		};
		GRP002 /* App */ = {
			isa = PBXGroup;
			children = (
				SRC001 /* PostWomanApp.swift */,
				SRC002 /* ContentView.swift */,
				SRC003 /* AppCommands.swift */,
			);
			path = App;
			sourceTree = "<group>";
		};
		GRP003 /* Models */ = {
			isa = PBXGroup;
			children = (
				SRC010 /* Folder.swift */,
				SRC011 /* APIRequest.swift */,
				SRC014 /* RequestHistory.swift */,
				SRC015 /* HTTPMethod.swift */,
				SRC016 /* AuthenticationType.swift */,
				SRC017 /* ContentType.swift */,
				SRC018 /* KeyValuePair.swift */,
			);
			path = Models;
			sourceTree = "<group>";
		};
		GRP004 /* Views */ = {
			isa = PBXGroup;
			children = (
				GRP005 /* Sidebar */,
				GRP006 /* RequestEditor */,
				GRP007 /* ResponseViewer */,
				GRP008 /* Environment */,
				GRP009 /* CodeGeneration */,
				GRP013 /* Shared */,
			);
			path = Views;
			sourceTree = "<group>";
		};
		GRP005 /* Sidebar */ = {
			isa = PBXGroup;
			children = (
				SRC020 /* FolderRequestsListView.swift */,
				SRC021 /* FolderRowView.swift */,
				SRC022 /* RequestRowView.swift */,
				SRC023 /* HistoryListView.swift */,
			);
			path = Sidebar;
			sourceTree = "<group>";
		};
		GRP006 /* RequestEditor */ = {
			isa = PBXGroup;
			children = (
				SRC030 /* RequestEditorView.swift */,
				SRC031 /* URLBarView.swift */,
				SRC032 /* RequestTabView.swift */,
				SRC033 /* ParamsTabView.swift */,
				SRC034 /* HeadersTabView.swift */,
				SRC035 /* BodyTabView.swift */,
				SRC036 /* AuthTabView.swift */,
			);
			path = RequestEditor;
			sourceTree = "<group>";
		};
		GRP007 /* ResponseViewer */ = {
			isa = PBXGroup;
			children = (
				SRC040 /* ResponseViewerView.swift */,
				SRC041 /* ResponseStatusView.swift */,
				SRC042 /* ResponseBodyView.swift */,
				SRC043 /* ResponseHeadersView.swift */,
			);
			path = ResponseViewer;
			sourceTree = "<group>";
		};
		GRP008 /* Environment */ = {
			isa = PBXGroup;
			children = (
			);
			path = Environment;
			sourceTree = "<group>";
		};
		GRP009 /* CodeGeneration */ = {
			isa = PBXGroup;
			children = (
				SRC060 /* CodeGeneratorView.swift */,
			);
			path = CodeGeneration;
			sourceTree = "<group>";
		};
		GRP010 /* Services */ = {
			isa = PBXGroup;
			children = (
				SRC080 /* HTTPClient.swift */,
				SRC082 /* AuthenticationHandler.swift */,
				SRC086 /* ExportImportService.swift */,
				GRP014 /* CodeGenerator */,
			);
			path = Services;
			sourceTree = "<group>";
		};
		GRP011 /* Utilities */ = {
			isa = PBXGroup;
			children = (
				SRC090 /* JSONFormatter.swift */,
			);
			path = Utilities;
			sourceTree = "<group>";
		};
		GRP012 /* Resources */ = {
			isa = PBXGroup;
			children = (
				RSC001 /* Assets.xcassets */,
				ENT001 /* PostWoman.entitlements */,
			);
			path = Resources;
			sourceTree = "<group>";
		};
		GRP013 /* Shared */ = {
			isa = PBXGroup;
			children = (
				SRC070 /* KeyValueRowView.swift */,
				SRC071 /* EmptyStateView.swift */,
			);
			path = Shared;
			sourceTree = "<group>";
		};
		GRP014 /* CodeGenerator */ = {
			isa = PBXGroup;
			children = (
				SRC083 /* CURLGenerator.swift */,
				SRC084 /* SwiftGenerator.swift */,
				SRC085 /* PythonGenerator.swift */,
			);
			path = CodeGenerator;
			sourceTree = "<group>";
		};
		GRP100 /* Products */ = {
			isa = PBXGroup;
			children = (
				PRD001 /* PostWoman.app */,
			);
			name = Products;
			sourceTree = "<group>";
		};
/* End PBXGroup section */

/* Begin PBXNativeTarget section */
		TGT001 /* PostWoman */ = {
			isa = PBXNativeTarget;
			buildConfigurationList = CFG100 /* Build configuration list for PBXNativeTarget "PostWoman" */;
			buildPhases = (
				SRC100 /* Sources */,
				FRM001 /* Frameworks */,
				RSC100 /* Resources */,
			);
			buildRules = (
			);
			dependencies = (
			);
			name = PostWoman;
			productName = PostWoman;
			productReference = PRD001 /* PostWoman.app */;
			productType = "com.apple.product-type.application";
		};
/* End PBXNativeTarget section */

/* Begin PBXProject section */
		PRJ001 /* Project object */ = {
			isa = PBXProject;
			attributes = {
				BuildIndependentTargetsInParallel = 1;
				LastSwiftUpdateCheck = 1500;
				LastUpgradeCheck = 1500;
				TargetAttributes = {
					TGT001 = {
						CreatedOnToolsVersion = 15.0;
					};
				};
			};
			buildConfigurationList = CFG000 /* Build configuration list for PBXProject "PostWoman" */;
			compatibilityVersion = "Xcode 14.0";
			developmentRegion = en;
			hasScannedForEncodings = 0;
			knownRegions = (
				en,
				Base,
			);
			mainGroup = GRP000;
			productRefGroup = GRP100 /* Products */;
			projectDirPath = "";
			projectRoot = "";
			targets = (
				TGT001 /* PostWoman */,
			);
		};
/* End PBXProject section */

/* Begin PBXResourcesBuildPhase section */
		RSC100 /* Resources */ = {
			isa = PBXResourcesBuildPhase;
			buildActionMask = 2147483647;
			files = (
				RES001 /* Assets.xcassets in Resources */,
			);
			runOnlyForDeploymentPostprocessing = 0;
		};
/* End PBXResourcesBuildPhase section */

/* Begin PBXSourcesBuildPhase section */
		SRC100 /* Sources */ = {
			isa = PBXSourcesBuildPhase;
			buildActionMask = 2147483647;
			files = (
				APP001 /* PostWomanApp.swift in Sources */,
				APP002 /* ContentView.swift in Sources */,
				APP003 /* AppCommands.swift in Sources */,
				MDL001 /* Folder.swift in Sources */,
				MDL002 /* APIRequest.swift in Sources */,
				MDL005 /* RequestHistory.swift in Sources */,
				MDL006 /* HTTPMethod.swift in Sources */,
				MDL007 /* AuthenticationType.swift in Sources */,
				MDL008 /* ContentType.swift in Sources */,
				MDL009 /* KeyValuePair.swift in Sources */,
				VW001 /* FolderRequestsListView.swift in Sources */,
				VW002 /* FolderRowView.swift in Sources */,
				VW003 /* RequestRowView.swift in Sources */,
				VW004 /* HistoryListView.swift in Sources */,
				VW010 /* RequestEditorView.swift in Sources */,
				VW011 /* URLBarView.swift in Sources */,
				VW012 /* RequestTabView.swift in Sources */,
				VW013 /* ParamsTabView.swift in Sources */,
				VW014 /* HeadersTabView.swift in Sources */,
				VW015 /* BodyTabView.swift in Sources */,
				VW016 /* AuthTabView.swift in Sources */,
				VW020 /* ResponseViewerView.swift in Sources */,
				VW021 /* ResponseStatusView.swift in Sources */,
				VW022 /* ResponseBodyView.swift in Sources */,
				VW023 /* ResponseHeadersView.swift in Sources */,
				VW040 /* CodeGeneratorView.swift in Sources */,
				VW050 /* KeyValueRowView.swift in Sources */,
				VW051 /* EmptyStateView.swift in Sources */,
				SVC001 /* HTTPClient.swift in Sources */,
				SVC003 /* AuthenticationHandler.swift in Sources */,
				SVC004 /* CURLGenerator.swift in Sources */,
				SVC005 /* SwiftGenerator.swift in Sources */,
				SVC006 /* PythonGenerator.swift in Sources */,
				SVC007 /* ExportImportService.swift in Sources */,
				UTL001 /* JSONFormatter.swift in Sources */,
			);
			runOnlyForDeploymentPostprocessing = 0;
		};
/* End PBXSourcesBuildPhase section */

/* Begin XCBuildConfiguration section */
		CFG001 /* Debug */ = {
			isa = XCBuildConfiguration;
			buildSettings = {
				ALWAYS_SEARCH_USER_PATHS = NO;
				ASSETCATALOG_COMPILER_GENERATE_SWIFT_ASSET_SYMBOL_EXTENSIONS = YES;
				CLANG_ANALYZER_NONNULL = YES;
				CLANG_ANALYZER_NUMBER_OBJECT_CONVERSION = YES_AGGRESSIVE;
				CLANG_CXX_LANGUAGE_STANDARD = "gnu++20";
				CLANG_ENABLE_MODULES = YES;
				CLANG_ENABLE_OBJC_ARC = YES;
				CLANG_ENABLE_OBJC_WEAK = YES;
				CLANG_WARN_BLOCK_CAPTURE_AUTORELEASING = YES;
				CLANG_WARN_BOOL_CONVERSION = YES;
				CLANG_WARN_COMMA = YES;
				CLANG_WARN_CONSTANT_CONVERSION = YES;
				CLANG_WARN_DEPRECATED_OBJC_IMPLEMENTATIONS = YES;
				CLANG_WARN_DIRECT_OBJC_ISA_USAGE = YES_ERROR;
				CLANG_WARN_DOCUMENTATION_COMMENTS = YES;
				CLANG_WARN_EMPTY_BODY = YES;
				CLANG_WARN_ENUM_CONVERSION = YES;
				CLANG_WARN_INFINITE_RECURSION = YES;
				CLANG_WARN_INT_CONVERSION = YES;
				CLANG_WARN_NON_LITERAL_NULL_CONVERSION = YES;
				CLANG_WARN_OBJC_IMPLICIT_RETAIN_SELF = YES;
				CLANG_WARN_OBJC_LITERAL_CONVERSION = YES;
				CLANG_WARN_OBJC_ROOT_CLASS = YES_ERROR;
				CLANG_WARN_QUOTED_INCLUDE_IN_FRAMEWORK_HEADER = YES;
				CLANG_WARN_RANGE_LOOP_ANALYSIS = YES;
				CLANG_WARN_STRICT_PROTOTYPES = YES;
				CLANG_WARN_SUSPICIOUS_MOVE = YES;
				CLANG_WARN_UNGUARDED_AVAILABILITY = YES_AGGRESSIVE;
				CLANG_WARN_UNREACHABLE_CODE = YES;
				CLANG_WARN__DUPLICATE_METHOD_MATCH = YES;
				COPY_PHASE_STRIP = NO;
				DEBUG_INFORMATION_FORMAT = dwarf;
				ENABLE_STRICT_OBJC_MSGSEND = YES;
				ENABLE_TESTABILITY = YES;
				ENABLE_USER_SCRIPT_SANDBOXING = YES;
				GCC_C_LANGUAGE_STANDARD = gnu17;
				GCC_DYNAMIC_NO_PIC = NO;
				GCC_NO_COMMON_BLOCKS = YES;
				GCC_OPTIMIZATION_LEVEL = 0;
				GCC_PREPROCESSOR_DEFINITIONS = (
					"DEBUG=1",
					"$(inherited)",
				);
				GCC_WARN_64_TO_32_BIT_CONVERSION = YES;
				GCC_WARN_ABOUT_RETURN_TYPE = YES_ERROR;
				GCC_WARN_UNDECLARED_SELECTOR = YES;
				GCC_WARN_UNINITIALIZED_AUTOS = YES_AGGRESSIVE;
				GCC_WARN_UNUSED_FUNCTION = YES;
				GCC_WARN_UNUSED_VARIABLE = YES;
				LOCALIZATION_PREFERS_STRING_CATALOGS = YES;
				MACOSX_DEPLOYMENT_TARGET = 14.0;
				MTL_ENABLE_DEBUG_INFO = INCLUDE_SOURCE;
				MTL_FAST_MATH = YES;
				ONLY_ACTIVE_ARCH = YES;
				SDKROOT = macosx;
				SWIFT_ACTIVE_COMPILATION_CONDITIONS = "DEBUG $(inherited)";
				SWIFT_OPTIMIZATION_LEVEL = "-Onone";
			};
			name = Debug;
		};
		CFG002 /* Release */ = {
			isa = XCBuildConfiguration;
			buildSettings = {
				ALWAYS_SEARCH_USER_PATHS = NO;
				ASSETCATALOG_COMPILER_GENERATE_SWIFT_ASSET_SYMBOL_EXTENSIONS = YES;
				CLANG_ANALYZER_NONNULL = YES;
				CLANG_ANALYZER_NUMBER_OBJECT_CONVERSION = YES_AGGRESSIVE;
				CLANG_CXX_LANGUAGE_STANDARD = "gnu++20";
				CLANG_ENABLE_MODULES = YES;
				CLANG_ENABLE_OBJC_ARC = YES;
				CLANG_ENABLE_OBJC_WEAK = YES;
				CLANG_WARN_BLOCK_CAPTURE_AUTORELEASING = YES;
				CLANG_WARN_BOOL_CONVERSION = YES;
				CLANG_WARN_COMMA = YES;
				CLANG_WARN_CONSTANT_CONVERSION = YES;
				CLANG_WARN_DEPRECATED_OBJC_IMPLEMENTATIONS = YES;
				CLANG_WARN_DIRECT_OBJC_ISA_USAGE = YES_ERROR;
				CLANG_WARN_DOCUMENTATION_COMMENTS = YES;
				CLANG_WARN_EMPTY_BODY = YES;
				CLANG_WARN_ENUM_CONVERSION = YES;
				CLANG_WARN_INFINITE_RECURSION = YES;
				CLANG_WARN_INT_CONVERSION = YES;
				CLANG_WARN_NON_LITERAL_NULL_CONVERSION = YES;
				CLANG_WARN_OBJC_IMPLICIT_RETAIN_SELF = YES;
				CLANG_WARN_OBJC_LITERAL_CONVERSION = YES;
				CLANG_WARN_OBJC_ROOT_CLASS = YES_ERROR;
				CLANG_WARN_QUOTED_INCLUDE_IN_FRAMEWORK_HEADER = YES;
				CLANG_WARN_RANGE_LOOP_ANALYSIS = YES;
				CLANG_WARN_STRICT_PROTOTYPES = YES;
				CLANG_WARN_SUSPICIOUS_MOVE = YES;
				CLANG_WARN_UNGUARDED_AVAILABILITY = YES_AGGRESSIVE;
				CLANG_WARN_UNREACHABLE_CODE = YES;
				CLANG_WARN__DUPLICATE_METHOD_MATCH = YES;
				COPY_PHASE_STRIP = NO;
				DEBUG_INFORMATION_FORMAT = "dwarf-with-dsym";
				ENABLE_NS_ASSERTIONS = NO;
				ENABLE_STRICT_OBJC_MSGSEND = YES;
				ENABLE_USER_SCRIPT_SANDBOXING = YES;
				GCC_C_LANGUAGE_STANDARD = gnu17;
				GCC_NO_COMMON_BLOCKS = YES;
				GCC_WARN_64_TO_32_BIT_CONVERSION = YES;
				GCC_WARN_ABOUT_RETURN_TYPE = YES_ERROR;
				GCC_WARN_UNDECLARED_SELECTOR = YES;
				GCC_WARN_UNINITIALIZED_AUTOS = YES_AGGRESSIVE;
				GCC_WARN_UNUSED_FUNCTION = YES;
				GCC_WARN_UNUSED_VARIABLE = YES;
				LOCALIZATION_PREFERS_STRING_CATALOGS = YES;
				MACOSX_DEPLOYMENT_TARGET = 14.0;
				MTL_ENABLE_DEBUG_INFO = NO;
				MTL_FAST_MATH = YES;
				SDKROOT = macosx;
				SWIFT_COMPILATION_MODE = wholemodule;
			};
			name = Release;
		};
		CFG003 /* Debug */ = {
			isa = XCBuildConfiguration;
			buildSettings = {
				ASSETCATALOG_COMPILER_APPICON_NAME = AppIcon;
				ASSETCATALOG_COMPILER_GLOBAL_ACCENT_COLOR_NAME = AccentColor;
				CODE_SIGN_ENTITLEMENTS = PostWoman/Resources/PostWoman.entitlements;
				CODE_SIGN_STYLE = Automatic;
				COMBINE_HIDPI_IMAGES = YES;
				CURRENT_PROJECT_VERSION = 1;
				DEVELOPMENT_ASSET_PATHS = "\"PostWoman/Preview Content\"";
				ENABLE_PREVIEWS = YES;
				GENERATE_INFOPLIST_FILE = YES;
				INFOPLIST_KEY_CFBundleDisplayName = "PostWoman 💅";
				INFOPLIST_KEY_CFBundleName = PostWoman;
				INFOPLIST_KEY_NSHumanReadableCopyright = "";
				LD_RUNPATH_SEARCH_PATHS = (
					"$(inherited)",
					"@executable_path/../Frameworks",
				);
				MARKETING_VERSION = 1.0;
				PRODUCT_BUNDLE_IDENTIFIER = com.postwoman.app;
				PRODUCT_NAME = "$(TARGET_NAME)";
				SWIFT_EMIT_LOC_STRINGS = YES;
				SWIFT_VERSION = 5.0;
			};
			name = Debug;
		};
		CFG004 /* Release */ = {
			isa = XCBuildConfiguration;
			buildSettings = {
				ASSETCATALOG_COMPILER_APPICON_NAME = AppIcon;
				ASSETCATALOG_COMPILER_GLOBAL_ACCENT_COLOR_NAME = AccentColor;
				CODE_SIGN_ENTITLEMENTS = PostWoman/Resources/PostWoman.entitlements;
				CODE_SIGN_STYLE = Automatic;
				COMBINE_HIDPI_IMAGES = YES;
				CURRENT_PROJECT_VERSION = 1;
				DEVELOPMENT_ASSET_PATHS = "\"PostWoman/Preview Content\"";
				ENABLE_PREVIEWS = YES;
				GENERATE_INFOPLIST_FILE = YES;
				INFOPLIST_KEY_CFBundleDisplayName = "PostWoman 💅";
				INFOPLIST_KEY_CFBundleName = PostWoman;
				INFOPLIST_KEY_NSHumanReadableCopyright = "";
				LD_RUNPATH_SEARCH_PATHS = (
					"$(inherited)",
					"@executable_path/../Frameworks",
				);
				MARKETING_VERSION = 1.0;
				PRODUCT_BUNDLE_IDENTIFIER = com.postwoman.app;
				PRODUCT_NAME = "$(TARGET_NAME)";
				SWIFT_EMIT_LOC_STRINGS = YES;
				SWIFT_VERSION = 5.0;
			};
			name = Release;
		};
/* End XCBuildConfiguration section */

/* Begin XCConfigurationList section */
		CFG000 /* Build configuration list for PBXProject "PostWoman" */ = {
			isa = XCConfigurationList;
			buildConfigurations = (
				CFG001 /* Debug */,
				CFG002 /* Release */,
			);
			defaultConfigurationIsVisible = 0;
			defaultConfigurationName = Release;
		};
		CFG100 /* Build configuration list for PBXNativeTarget "PostWoman" */ = {
			isa = XCConfigurationList;
			buildConfigurations = (
				CFG003 /* Debug */,
				CFG004 /* Release */,
			);
			defaultConfigurationIsVisible = 0;
			defaultConfigurationName = Release;
		};
/* End XCConfigurationList section */
	};
	rootObject = PRJ001 /* Project object */;
}
